
Microsoft Visual Studio Solution File, Format Version 11.00
# Visual Studio 2010
Project("{F184B08F-C81C-45F6-A57F-5ABD9991F28F}") = "SeguimientoTramites", "SeguimientoTramites\SeguimientoTramites.vbproj", "{335F1B25-D97B-485B-861C-6A700785482E}"
EndProject
Global
	GlobalSection(SolutionConfigurationPlatforms) = preSolution
		Debug|x86 = Debug|x86
		Release|x86 = Release|x86
	EndGlobalSection
	GlobalSection(ProjectConfigurationPlatforms) = postSolution
		{335F1B25-D97B-485B-861C-6A700785482E}.Debug|x86.ActiveCfg = Debug|x86
		{335F1B25-D97B-485B-861C-6A700785482E}.Debug|x86.Build.0 = Debug|x86
		{335F1B25-D97B-485B-861C-6A700785482E}.Release|x86.ActiveCfg = Release|x86
		{335F1B25-D97B-485B-861C-6A700785482E}.Release|x86.Build.0 = Release|x86
	EndGlobalSection
	GlobalSection(SolutionProperties) = preSolution
		HideSolutionNode = FALSE
	EndGlobalSection
	GlobalSection(ExtensibilityGlobals) = postSolution
		VisualSVNWorkingCopyRoot = .
	EndGlobalSection
EndGlobal
